
Microsoft Visual Studio Solution File, Format Version 12.00
# Visual Studio 14
VisualStudioVersion = 14.0.25420.1
MinimumVisualStudioVersion = 10.0.40219.1
Project("{FAE04EC0-301F-11D3-BF4B-00C04F79EFBC}") = "biletomat", "biletomat\biletomat.csproj", "{2AF18D63-B9F5-4B1A-AD1D-3B01EBC2ABED}"
EndProject
Global
	GlobalSection(SolutionConfigurationPlatforms) = preSolution
		Debug|Any CPU = Debug|Any CPU
		Release|Any CPU = Release|Any CPU
	EndGlobalSection
	GlobalSection(ProjectConfigurationPlatforms) = postSolution
		{2AF18D63-B9F5-4B1A-AD1D-3B01EBC2ABED}.Debug|Any CPU.ActiveCfg = Debug|Any CPU
		{2AF18D63-B9F5-4B1A-AD1D-3B01EBC2ABED}.Debug|Any CPU.Build.0 = Debug|Any CPU
		{2AF18D63-B9F5-4B1A-AD1D-3B01EBC2ABED}.Release|Any CPU.ActiveCfg = Release|Any CPU
		{2AF18D63-B9F5-4B1A-AD1D-3B01EBC2ABED}.Release|Any CPU.Build.0 = Release|Any CPU
	EndGlobalSection
	GlobalSection(SolutionProperties) = preSolution
		HideSolutionNode = FALSE
	EndGlobalSection
EndGlobal
